{
  "nodes": {
    "nixpkgs": {
      "locked": {
        "lastModified": 1790450978,
        "narHash": "sha256-/eLCD/X9kaWJqPR47+fDozEC87Hjmm3i8gJbYmDAD7g=",
        "owner": "nixos",
        "repo": "nixpkgs",
        "rev": "5e2305d577ca00acbba631b05cb1094d172b29f3",
        "type": "github"
      },
      "original": {
        "owner": "nixos",
        "ref": "nixos-26.05",
        "repo": "nixpkgs",
        "type": "github"
      }
    },
    "root": {
      "inputs": {
        "nixpkgs": "nixpkgs",
        "vpn-confinement": "vpn-confinement"
      }
    },
    "vpn-confinement": {
      "locked": {
        "lastModified": 1789394839,
        "narHash": "sha256-trdjVJKmDBbzgbP8pd+R7iKbGkdRu0nmXgQlBR/hEiU=",
        "owner": "Maroka-chan",
        "repo": "VPN-Confinement",
        "rev": "a21f66ccd9f644c3770ccdf287cb380c00192628",
        "type": "github"
      },
      "original": {
        "owner": "Maroka-chan",
        "repo": "VPN-Confinement",
        "type": "github"
      }
    }
  },
  "root": "root",
  "version": 7
}
